
Microsoft Visual Studio Solution File, Format Version 12.00
# Visual Studio Version 17
VisualStudioVersion = 17.0.32014.148
MinimumVisualStudioVersion = 10.0.40219.1
Project("{FAE04EC0-301F-11D3-BF4B-00C04F79EFBC}") = "MinSurfacev7GH", "MinSurfacev7GH.csproj", "{F9577220-38EA-42D8-85A4-EE8ED94510E1}"
EndProject
Global
	GlobalSection(SolutionConfigurationPlatforms) = preSolution
		Debug|Any CPU = Debug|Any CPU
		Release|Any CPU = Release|Any CPU
	EndGlobalSection
	GlobalSection(ProjectConfigurationPlatforms) = postSolution
		{F9577220-38EA-42D8-85A4-EE8ED94510E1}.Debug|Any CPU.ActiveCfg = Debug|Any CPU
		{F9577220-38EA-42D8-85A4-EE8ED94510E1}.Debug|Any CPU.Build.0 = Debug|Any CPU
		{F9577220-38EA-42D8-85A4-EE8ED94510E1}.Release|Any CPU.ActiveCfg = Release|Any CPU
		{F9577220-38EA-42D8-85A4-EE8ED94510E1}.Release|Any CPU.Build.0 = Release|Any CPU
	EndGlobalSection
	GlobalSection(SolutionProperties) = preSolution
		HideSolutionNode = FALSE
	EndGlobalSection
	GlobalSection(ExtensibilityGlobals) = postSolution
		SolutionGuid = {57A72970-049B-43E0-A188-449B061BA3A0}
	EndGlobalSection
EndGlobal
